
Microsoft Visual Studio Solution File, Format Version 12.00
# Visual Studio Version 16
VisualStudioVersion = 16.0.30503.244
MinimumVisualStudioVersion = 10.0.40219.1
Project("{9A19103F-16F7-4668-BE54-9A1E7A4F7556}") = "Mentalist.CommandCenter.Web", "Mentalist.CommandCenter.Web\Mentalist.CommandCenter.Web.csproj", "{FB14AF20-DD1E-48A5-B8C7-A527C63E517B}"
EndProject
Project("{9A19103F-16F7-4668-BE54-9A1E7A4F7556}") = "Mentalist.CommandCenter", "Mentalist.CommandCenter\Mentalist.CommandCenter.csproj", "{9AC55EF6-CCA8-419E-B4EC-0CF1905EFEDE}"
EndProject
Global
	GlobalSection(SolutionConfigurationPlatforms) = preSolution
		Debug|Any CPU = Debug|Any CPU
		Release|Any CPU = Release|Any CPU
	EndGlobalSection
	GlobalSection(ProjectConfigurationPlatforms) = postSolution
		{FB14AF20-DD1E-48A5-B8C7-A527C63E517B}.Debug|Any CPU.ActiveCfg = Debug|Any CPU
		{FB14AF20-DD1E-48A5-B8C7-A527C63E517B}.Debug|Any CPU.Build.0 = Debug|Any CPU
		{FB14AF20-DD1E-48A5-B8C7-A527C63E517B}.Release|Any CPU.ActiveCfg = Release|Any CPU
		{FB14AF20-DD1E-48A5-B8C7-A527C63E517B}.Release|Any CPU.Build.0 = Release|Any CPU
		{9AC55EF6-CCA8-419E-B4EC-0CF1905EFEDE}.Debug|Any CPU.ActiveCfg = Debug|Any CPU
		{9AC55EF6-CCA8-419E-B4EC-0CF1905EFEDE}.Debug|Any CPU.Build.0 = Debug|Any CPU
		{9AC55EF6-CCA8-419E-B4EC-0CF1905EFEDE}.Release|Any CPU.ActiveCfg = Release|Any CPU
		{9AC55EF6-CCA8-419E-B4EC-0CF1905EFEDE}.Release|Any CPU.Build.0 = Release|Any CPU
	EndGlobalSection
	GlobalSection(SolutionProperties) = preSolution
		HideSolutionNode = FALSE
	EndGlobalSection
	GlobalSection(ExtensibilityGlobals) = postSolution
		SolutionGuid = {6E6AA16D-D1BF-4D86-963D-B801030A38AE}
	EndGlobalSection
EndGlobal
